
Microsoft Visual Studio Solution File, Format Version 12.00
# Visual Studio Version 16
VisualStudioVersion = 16.0.31702.278
MinimumVisualStudioVersion = 10.0.40219.1
Project("{FAE04EC0-301F-11D3-BF4B-00C04F79EFBC}") = "EnglishTensesExercise", "EnglishTensesExercise\EnglishTensesExercise.csproj", "{47826CEA-A41E-40E5-9B30-9AA808CB4D71}"
EndProject
Project("{FAE04EC0-301F-11D3-BF4B-00C04F79EFBC}") = "MyImageButton", "MyImageButton\MyImageButton.csproj", "{D0EC6E68-75EE-4D01-9718-6498B40066D3}"
EndProject
Global
	GlobalSection(SolutionConfigurationPlatforms) = preSolution
		Debug|Any CPU = Debug|Any CPU
		Release|Any CPU = Release|Any CPU
	EndGlobalSection
	GlobalSection(ProjectConfigurationPlatforms) = postSolution
		{47826CEA-A41E-40E5-9B30-9AA808CB4D71}.Debug|Any CPU.ActiveCfg = Debug|Any CPU
		{47826CEA-A41E-40E5-9B30-9AA808CB4D71}.Debug|Any CPU.Build.0 = Debug|Any CPU
		{47826CEA-A41E-40E5-9B30-9AA808CB4D71}.Release|Any CPU.ActiveCfg = Release|Any CPU
		{47826CEA-A41E-40E5-9B30-9AA808CB4D71}.Release|Any CPU.Build.0 = Release|Any CPU
		{D0EC6E68-75EE-4D01-9718-6498B40066D3}.Debug|Any CPU.ActiveCfg = Debug|Any CPU
		{D0EC6E68-75EE-4D01-9718-6498B40066D3}.Debug|Any CPU.Build.0 = Debug|Any CPU
		{D0EC6E68-75EE-4D01-9718-6498B40066D3}.Release|Any CPU.ActiveCfg = Release|Any CPU
		{D0EC6E68-75EE-4D01-9718-6498B40066D3}.Release|Any CPU.Build.0 = Release|Any CPU
	EndGlobalSection
	GlobalSection(SolutionProperties) = preSolution
		HideSolutionNode = FALSE
	EndGlobalSection
	GlobalSection(ExtensibilityGlobals) = postSolution
		SolutionGuid = {C1F17EAE-7F27-4BD2-8E42-DBBD1406E44E}
	EndGlobalSection
EndGlobal
